
Microsoft Visual Studio Solution File, Format Version 12.00
# Visual Studio Version 16
VisualStudioVersion = 16.0.30804.86
MinimumVisualStudioVersion = 10.0.40219.1
Project("{888888A0-9F3D-457C-B088-3A5042F75D52}") = "testForProject", "testForProject\testForProject.pyproj", "{877E1684-303C-410C-BA18-12174B6DC376}"
EndProject
Global
	GlobalSection(SolutionConfigurationPlatforms) = preSolution
		Debug|Any CPU = Debug|Any CPU
		Release|Any CPU = Release|Any CPU
	EndGlobalSection
	GlobalSection(ProjectConfigurationPlatforms) = postSolution
		{877E1684-303C-410C-BA18-12174B6DC376}.Debug|Any CPU.ActiveCfg = Debug|Any CPU
		{877E1684-303C-410C-BA18-12174B6DC376}.Release|Any CPU.ActiveCfg = Release|Any CPU
	EndGlobalSection
	GlobalSection(SolutionProperties) = preSolution
		HideSolutionNode = FALSE
	EndGlobalSection
	GlobalSection(ExtensibilityGlobals) = postSolution
		SolutionGuid = {E41AB835-AEFD-47EF-9DBB-6821796429CB}
	EndGlobalSection
EndGlobal
